# This file is automatically @generated by Cargo.
# It is not intended for manual editing.
version = 3

[[package]]
name = "cpc-solutions"
version = "0.1.0"
dependencies = [
 "intervaltree",
 "segment-tree",
]

[[package]]
name = "intervaltree"
version = "0.2.7"
source = "registry+https://github.com/rust-lang/crates.io-index"
checksum = "270bc34e57047cab801a8c871c124d9dc7132f6473c6401f645524f4e6edd111"
dependencies = [
 "smallvec",
]

[[package]]
name = "segment-tree"
version = "2.0.0"
source = "registry+https://github.com/rust-lang/crates.io-index"
checksum = "3f7dbd0d32cabaa6c7c3286d756268247538d613b621227bfe59237d7bbb271a"

[[package]]
name = "smallvec"
version = "1.10.0"
source = "registry+https://github.com/rust-lang/crates.io-index"
checksum = "a507befe795404456341dfab10cef66ead4c041f62b8b11bbb92bffe5d0953e0"
